
Microsoft Visual Studio Solution File, Format Version 12.00
# Visual Studio Version 17
VisualStudioVersion = 17.6.33829.357
MinimumVisualStudioVersion = 10.0.40219.1
Project("{2150E333-8FDC-42A3-9474-1A3956D46DE8}") = "src", "src", "{CAC3E0BD-0348-4583-A743-A68C49840EA2}"
EndProject
Project("{2150E333-8FDC-42A3-9474-1A3956D46DE8}") = "test", "test", "{989C3D49-81AE-48D5-92BE-148A3BE4F04E}"
EndProject
Project("{2150E333-8FDC-42A3-9474-1A3956D46DE8}") = "API", "API", "{FC648D2A-6F32-4C92-8026-5AE54C2923EF}"
EndProject
Project("{2150E333-8FDC-42A3-9474-1A3956D46DE8}") = "Core", "Core", "{E0D62516-EC2A-47CC-A3C9-58FB070D3279}"
EndProject
Project("{2150E333-8FDC-42A3-9474-1A3956D46DE8}") = "infrastructure", "infrastructure", "{2CCF3E35-42BC-49B6-8581-C4F5C4C2B7D4}"
EndProject
Project("{2150E333-8FDC-42A3-9474-1A3956D46DE8}") = "UI", "UI", "{52B8ABEB-C708-43D7-9F27-1085256BE83C}"
EndProject
Project("{9A19103F-16F7-4668-BE54-9A1E7A4F7556}") = "HR_Management.Application", "HR_Management.Application\HR_Management.Application.csproj", "{3941D2AC-3AE0-4CB0-9CCF-EE46B76DFD25}"
EndProject
Project("{9A19103F-16F7-4668-BE54-9A1E7A4F7556}") = "HR_Management_Domain", "HR_Management_Domain\HR_Management_Domain.csproj", "{796D0D9A-1F83-4293-81D5-C5ECFC031B09}"
EndProject
Project("{9A19103F-16F7-4668-BE54-9A1E7A4F7556}") = "HR_Management.Infrastructure", "HR_Management.Infrastructure\HR_Management.Infrastructure.csproj", "{ADACF513-FB50-421D-9A98-6D310B88351D}"
EndProject
Project("{9A19103F-16F7-4668-BE54-9A1E7A4F7556}") = "HR_Management.Persistence", "HR_Management.Persistence\HR_Management.Persistence.csproj", "{CB4165F8-E49B-46AA-B6A7-590340A20828}"
EndProject
Project("{9A19103F-16F7-4668-BE54-9A1E7A4F7556}") = "HR_Management.Api", "HR_Management.Api\HR_Management.Api.csproj", "{DDE7E07F-7278-4EA5-AADA-70FF7F4D6AD5}"
EndProject
Project("{9A19103F-16F7-4668-BE54-9A1E7A4F7556}") = "HR_Management.Application.UnitTests", "HR_Management.Application.UnitTests\HR_Management.Application.UnitTests.csproj", "{8A204113-990A-4EDE-92A0-E96D43C018EC}"
EndProject
Project("{9A19103F-16F7-4668-BE54-9A1E7A4F7556}") = "HR_Management.MVC", "HR_Management.MVC\HR_Management.MVC.csproj", "{B80DCA5B-74A5-4B70-A8CB-4E79E82A8F80}"
EndProject
Project("{FAE04EC0-301F-11D3-BF4B-00C04F79EFBC}") = "HR_Management.Identity", "HR_Management.Identity\HR_Management.Identity.csproj", "{EAE0DCF3-F80C-434C-9DDA-F5F75B5C559C}"
EndProject
Global
	GlobalSection(SolutionConfigurationPlatforms) = preSolution
		Debug|Any CPU = Debug|Any CPU
		Release|Any CPU = Release|Any CPU
	EndGlobalSection
	GlobalSection(ProjectConfigurationPlatforms) = postSolution
		{3941D2AC-3AE0-4CB0-9CCF-EE46B76DFD25}.Debug|Any CPU.ActiveCfg = Debug|Any CPU
		{3941D2AC-3AE0-4CB0-9CCF-EE46B76DFD25}.Debug|Any CPU.Build.0 = Debug|Any CPU
		{3941D2AC-3AE0-4CB0-9CCF-EE46B76DFD25}.Release|Any CPU.ActiveCfg = Release|Any CPU
		{3941D2AC-3AE0-4CB0-9CCF-EE46B76DFD25}.Release|Any CPU.Build.0 = Release|Any CPU
		{796D0D9A-1F83-4293-81D5-C5ECFC031B09}.Debug|Any CPU.ActiveCfg = Debug|Any CPU
		{796D0D9A-1F83-4293-81D5-C5ECFC031B09}.Debug|Any CPU.Build.0 = Debug|Any CPU
		{796D0D9A-1F83-4293-81D5-C5ECFC031B09}.Release|Any CPU.ActiveCfg = Release|Any CPU
		{796D0D9A-1F83-4293-81D5-C5ECFC031B09}.Release|Any CPU.Build.0 = Release|Any CPU
		{ADACF513-FB50-421D-9A98-6D310B88351D}.Debug|Any CPU.ActiveCfg = Debug|Any CPU
		{ADACF513-FB50-421D-9A98-6D310B88351D}.Debug|Any CPU.Build.0 = Debug|Any CPU
		{ADACF513-FB50-421D-9A98-6D310B88351D}.Release|Any CPU.ActiveCfg = Release|Any CPU
		{ADACF513-FB50-421D-9A98-6D310B88351D}.Release|Any CPU.Build.0 = Release|Any CPU
		{CB4165F8-E49B-46AA-B6A7-590340A20828}.Debug|Any CPU.ActiveCfg = Debug|Any CPU
		{CB4165F8-E49B-46AA-B6A7-590340A20828}.Debug|Any CPU.Build.0 = Debug|Any CPU
		{CB4165F8-E49B-46AA-B6A7-590340A20828}.Release|Any CPU.ActiveCfg = Release|Any CPU
		{CB4165F8-E49B-46AA-B6A7-590340A20828}.Release|Any CPU.Build.0 = Release|Any CPU
		{DDE7E07F-7278-4EA5-AADA-70FF7F4D6AD5}.Debug|Any CPU.ActiveCfg = Debug|Any CPU
		{DDE7E07F-7278-4EA5-AADA-70FF7F4D6AD5}.Debug|Any CPU.Build.0 = Debug|Any CPU
		{DDE7E07F-7278-4EA5-AADA-70FF7F4D6AD5}.Release|Any CPU.ActiveCfg = Release|Any CPU
		{DDE7E07F-7278-4EA5-AADA-70FF7F4D6AD5}.Release|Any CPU.Build.0 = Release|Any CPU
		{8A204113-990A-4EDE-92A0-E96D43C018EC}.Debug|Any CPU.ActiveCfg = Debug|Any CPU
		{8A204113-990A-4EDE-92A0-E96D43C018EC}.Debug|Any CPU.Build.0 = Debug|Any CPU
		{8A204113-990A-4EDE-92A0-E96D43C018EC}.Release|Any CPU.ActiveCfg = Release|Any CPU
		{8A204113-990A-4EDE-92A0-E96D43C018EC}.Release|Any CPU.Build.0 = Release|Any CPU
		{B80DCA5B-74A5-4B70-A8CB-4E79E82A8F80}.Debug|Any CPU.ActiveCfg = Debug|Any CPU
		{B80DCA5B-74A5-4B70-A8CB-4E79E82A8F80}.Debug|Any CPU.Build.0 = Debug|Any CPU
		{B80DCA5B-74A5-4B70-A8CB-4E79E82A8F80}.Release|Any CPU.ActiveCfg = Release|Any CPU
		{B80DCA5B-74A5-4B70-A8CB-4E79E82A8F80}.Release|Any CPU.Build.0 = Release|Any CPU
		{EAE0DCF3-F80C-434C-9DDA-F5F75B5C559C}.Debug|Any CPU.ActiveCfg = Debug|Any CPU
		{EAE0DCF3-F80C-434C-9DDA-F5F75B5C559C}.Debug|Any CPU.Build.0 = Debug|Any CPU
		{EAE0DCF3-F80C-434C-9DDA-F5F75B5C559C}.Release|Any CPU.ActiveCfg = Release|Any CPU
		{EAE0DCF3-F80C-434C-9DDA-F5F75B5C559C}.Release|Any CPU.Build.0 = Release|Any CPU
	EndGlobalSection
	GlobalSection(SolutionProperties) = preSolution
		HideSolutionNode = FALSE
	EndGlobalSection
	GlobalSection(NestedProjects) = preSolution
		{FC648D2A-6F32-4C92-8026-5AE54C2923EF} = {CAC3E0BD-0348-4583-A743-A68C49840EA2}
		{E0D62516-EC2A-47CC-A3C9-58FB070D3279} = {CAC3E0BD-0348-4583-A743-A68C49840EA2}
		{2CCF3E35-42BC-49B6-8581-C4F5C4C2B7D4} = {CAC3E0BD-0348-4583-A743-A68C49840EA2}
		{52B8ABEB-C708-43D7-9F27-1085256BE83C} = {CAC3E0BD-0348-4583-A743-A68C49840EA2}
		{3941D2AC-3AE0-4CB0-9CCF-EE46B76DFD25} = {E0D62516-EC2A-47CC-A3C9-58FB070D3279}
		{796D0D9A-1F83-4293-81D5-C5ECFC031B09} = {E0D62516-EC2A-47CC-A3C9-58FB070D3279}
		{ADACF513-FB50-421D-9A98-6D310B88351D} = {2CCF3E35-42BC-49B6-8581-C4F5C4C2B7D4}
		{CB4165F8-E49B-46AA-B6A7-590340A20828} = {2CCF3E35-42BC-49B6-8581-C4F5C4C2B7D4}
		{DDE7E07F-7278-4EA5-AADA-70FF7F4D6AD5} = {FC648D2A-6F32-4C92-8026-5AE54C2923EF}
		{8A204113-990A-4EDE-92A0-E96D43C018EC} = {989C3D49-81AE-48D5-92BE-148A3BE4F04E}
		{B80DCA5B-74A5-4B70-A8CB-4E79E82A8F80} = {52B8ABEB-C708-43D7-9F27-1085256BE83C}
		{EAE0DCF3-F80C-434C-9DDA-F5F75B5C559C} = {2CCF3E35-42BC-49B6-8581-C4F5C4C2B7D4}
	EndGlobalSection
	GlobalSection(ExtensibilityGlobals) = postSolution
		SolutionGuid = {C22BFCA9-6A76-452F-BD00-4215A1E8F01E}
	EndGlobalSection
EndGlobal
